{
  "originHash" : "a57860cdd384a1ee7db2518e79b330883eeb5cb3471ec10431cea3eb66b63eb6",
  "pins" : [
    {
      "identity" : "appsflyerframework",
      "kind" : "remoteSourceControl",
      "location" : "https://github.com/AppsFlyerSDK/AppsFlyerFramework",
      "state" : {
        "revision" : "edd3e30e4bafe527bc3df51250479302120510f3",
        "version" : "6.18.1"
      }
    }
  ],
  "version" : 3
}
